
Microsoft Visual Studio Solution File, Format Version 12.00
# Visual Studio Version 16
VisualStudioVersion = 16.0.31112.23
MinimumVisualStudioVersion = 10.0.40219.1
Project("{FAE04EC0-301F-11D3-BF4B-00C04F79EFBC}") = "Opdracht1", "Opdracht1\Opdracht1.csproj", "{028A17F5-EE16-465C-8E33-747D93541FC8}"
EndProject
Project("{FAE04EC0-301F-11D3-BF4B-00C04F79EFBC}") = "Opdracht2", "Opdracht2\Opdracht2.csproj", "{84E802CB-E879-4B26-A240-59BF05C99C42}"
EndProject
Global
	GlobalSection(SolutionConfigurationPlatforms) = preSolution
		Debug|Any CPU = Debug|Any CPU
		Release|Any CPU = Release|Any CPU
	EndGlobalSection
	GlobalSection(ProjectConfigurationPlatforms) = postSolution
		{028A17F5-EE16-465C-8E33-747D93541FC8}.Debug|Any CPU.ActiveCfg = Debug|Any CPU
		{028A17F5-EE16-465C-8E33-747D93541FC8}.Debug|Any CPU.Build.0 = Debug|Any CPU
		{028A17F5-EE16-465C-8E33-747D93541FC8}.Release|Any CPU.ActiveCfg = Release|Any CPU
		{028A17F5-EE16-465C-8E33-747D93541FC8}.Release|Any CPU.Build.0 = Release|Any CPU
		{84E802CB-E879-4B26-A240-59BF05C99C42}.Debug|Any CPU.ActiveCfg = Debug|Any CPU
		{84E802CB-E879-4B26-A240-59BF05C99C42}.Debug|Any CPU.Build.0 = Debug|Any CPU
		{84E802CB-E879-4B26-A240-59BF05C99C42}.Release|Any CPU.ActiveCfg = Release|Any CPU
		{84E802CB-E879-4B26-A240-59BF05C99C42}.Release|Any CPU.Build.0 = Release|Any CPU
	EndGlobalSection
	GlobalSection(SolutionProperties) = preSolution
		HideSolutionNode = FALSE
	EndGlobalSection
	GlobalSection(ExtensibilityGlobals) = postSolution
		SolutionGuid = {7A3B5714-80E9-4A9C-B551-A7712D69FF95}
	EndGlobalSection
EndGlobal
